// !$*UTF8*$!
{
	archiveVersion = 1;
	classes = {};
	objectVersion = 56;
	objects = {

/* Begin PBXBuildFile section */
		E8E0BD256674480AAA97817B /* ContentView.swift in Sources */ = {isa = PBXBuildFile; fileRef = E95C0FF8000F4B6D99E10C8A /* ContentView.swift */; };
		485339DC9BE44571BCD4394B /* BusScheduleView.swift in Sources */ = {isa = PBXBuildFile; fileRef = 0E2AA9EBFCFF4F9AAC5FF5E4 /* BusScheduleView.swift */; };
		2F6728146D594C5491B12CE3 /* FavoritesView.swift in Sources */ = {isa = PBXBuildFile; fileRef = 7BCC69389F764CCBB5481D08 /* FavoritesView.swift */; };
		5E4003FF3A6641E98F37D291 /* LuggageSelectionView.swift in Sources */ = {isa = PBXBuildFile; fileRef = D287094CFEA04EBA9293E3F2 /* LuggageSelectionView.swift */; };
		B08D5FBB19854E31A73CEFDC /* NotificationsManager.swift in Sources */ = {isa = PBXBuildFile; fileRef = A22EA2ABE62944308B4AB9F2 /* NotificationsManager.swift */; };
		A766BD1222574E97A671DE38 /* RouteComparisonView.swift in Sources */ = {isa = PBXBuildFile; fileRef = 3A05872084AA460AB0616BA7 /* RouteComparisonView.swift */; };
		F4B2512290B244A4ACAE52F7 /* Booking.swift in Sources */ = {isa = PBXBuildFile; fileRef = 95C2B46E7DF84E8988676CBF /* Booking.swift */; };
		55C443480FD742CF8F2B43C0 /* Bus.swift in Sources */ = {isa = PBXBuildFile; fileRef = DBBE8A862BD74B6BACA16980 /* Bus.swift */; };
		3A2B3CCAC5A645D4A87C36B2 /* LocationModels.swift in Sources */ = {isa = PBXBuildFile; fileRef = EAAA0BBDAB9240069F1A0C21 /* LocationModels.swift */; };
		6ED02DCD74AC4FD69421EEFD /* PaymentMethod.swift in Sources */ = {isa = PBXBuildFile; fileRef = 1036900129A44F3E9960E9D0 /* PaymentMethod.swift */; };
		7ED3DB0697B8455CBE6AFDC4 /* Route.swift in Sources */ = {isa = PBXBuildFile; fileRef = 82CCC44504A34B29BFF43AD7 /* Route.swift */; };
		AFA36E5697DB42C4874EC8ED /* User.swift in Sources */ = {isa = PBXBuildFile; fileRef = 4D1E45C360D44D3984164B18 /* User.swift */; };
		CD45EDD838384ECC8E5F9982 /* AuthenticationService.swift in Sources */ = {isa = PBXBuildFile; fileRef = DE0515B9700C46C9B404B852 /* AuthenticationService.swift */; };
		0FFBBC6C10534D4899077AA9 /* BlockchainManager.swift in Sources */ = {isa = PBXBuildFile; fileRef = 97EBC80A8EF84DA58D470EE7 /* BlockchainManager.swift */; };
		13D068B07BEE4786819012A1 /* EthereumService.swift in Sources */ = {isa = PBXBuildFile; fileRef = D3868A4D605E42F3A13EC0B2 /* EthereumService.swift */; };
		C0DF7EE05F7C4BEEB3530CF2 /* SolanaService.swift in Sources */ = {isa = PBXBuildFile; fileRef = 41B8BEF460A8498D971F688B /* SolanaService.swift */; };
		CC59C2E4ABCC40FD83430D25 /* BlockchainService.swift in Sources */ = {isa = PBXBuildFile; fileRef = 8B085816B4D94736BA23217C /* BlockchainService.swift */; };
		8771BDB7A2904E27A3F631DF /* BookingService.swift in Sources */ = {isa = PBXBuildFile; fileRef = C87A6D8A86D74135BAF93CAD /* BookingService.swift */; };
		9F35717ADE584EC798B31A37 /* ChatbotService.swift in Sources */ = {isa = PBXBuildFile; fileRef = 5759E3ED19A241A78D6EA865 /* ChatbotService.swift */; };
		1FA1BAEFB4DD4D759230CCAC /* LocationService.swift in Sources */ = {isa = PBXBuildFile; fileRef = E87305A72D8B4C0AB33F7F32 /* LocationService.swift */; };
		87B9EA32BFE04F15BAB4C7A4 /* GoogleMapsService.swift in Sources */ = {isa = PBXBuildFile; fileRef = 51823E85B03E4C0A9B222CA8 /* GoogleMapsService.swift */; };
		BBF211C937C74D5AB3630275 /* NFCService.swift in Sources */ = {isa = PBXBuildFile; fileRef = 733BAEFB57F748BF9091E754 /* NFCService.swift */; };
		2D7598547100464391DC07A9 /* QRCodeService.swift in Sources */ = {isa = PBXBuildFile; fileRef = 2D8789599A8D40349916ADC4 /* QRCodeService.swift */; };
		636559918E9346F6BE02F061 /* TransLinkaApp.swift in Sources */ = {isa = PBXBuildFile; fileRef = 61B5FF5F8CF44DD38B7A42BA /* TransLinkaApp.swift */; };
		64C6A645F5234546A77D7CFD /* AdvancedAnimations.swift in Sources */ = {isa = PBXBuildFile; fileRef = BF93B67F82A94AEAB24490C0 /* AdvancedAnimations.swift */; };
		E66ED141504F4D25831EC1B8 /* Animations.swift in Sources */ = {isa = PBXBuildFile; fileRef = C80AEB19F61348D68933F7CD /* Animations.swift */; };
		C57C6635457F43BC824704F0 /* Constants.swift in Sources */ = {isa = PBXBuildFile; fileRef = 24723E85ED3D4966A121198B /* Constants.swift */; };
		60EAACDB6DE54BE394E7CB8D /* CustomTextFieldStyle.swift in Sources */ = {isa = PBXBuildFile; fileRef = DF01BCD90EEC4DF5AFE06573 /* CustomTextFieldStyle.swift */; };
		EE4D4A9FAD3A4557A2E081F6 /* Extensions.swift in Sources */ = {isa = PBXBuildFile; fileRef = 9C79C2AB4B4947BF8EA7B08F /* Extensions.swift */; };
		20833F5EEAAF4866B6E09B27 /* ReusableComponents.swift in Sources */ = {isa = PBXBuildFile; fileRef = 3D07607712624DC4BE5FE28F /* ReusableComponents.swift */; };
		E748C47F8A66423C832BEBFB /* Theme.swift in Sources */ = {isa = PBXBuildFile; fileRef = B7E6726C40A443DF86F5FE90 /* Theme.swift */; };
		379F14284B1D44A6966455E1 /* ViewModifiers.swift in Sources */ = {isa = PBXBuildFile; fileRef = FEE243EE112F40B291207C6D /* ViewModifiers.swift */; };
		5AF6BD9547674AA88B03474C /* AdminViewModel.swift in Sources */ = {isa = PBXBuildFile; fileRef = 8B9A11BE5FA24C128A7D325B /* AdminViewModel.swift */; };
		D2D36FCDDF7F4D92A03E3A46 /* AuthenticationViewModel.swift in Sources */ = {isa = PBXBuildFile; fileRef = 229A686ABC274FAB94930547 /* AuthenticationViewModel.swift */; };
		A8EFBC155C114FA39D05E2DD /* BookingViewModel.swift in Sources */ = {isa = PBXBuildFile; fileRef = 275DA27268AC4D7F81DA95F5 /* BookingViewModel.swift */; };
		801F5BF5D588417F9B8E84C8 /* ARNavigationView.swift in Sources */ = {isa = PBXBuildFile; fileRef = 1ACBB1021F924B86A0D30C64 /* ARNavigationView.swift */; };
		CDA6C820CD164EA69392A982 /* AdminBookingsView.swift in Sources */ = {isa = PBXBuildFile; fileRef = F28119FBC38D4BD885E43312 /* AdminBookingsView.swift */; };
		D7433F043255469A8E666A3C /* AdminBusesView.swift in Sources */ = {isa = PBXBuildFile; fileRef = F371D4FFD5854EBD8D927B76 /* AdminBusesView.swift */; };
		E1BA7D066E174E6493A29266 /* AdminDashboardView.swift in Sources */ = {isa = PBXBuildFile; fileRef = 6B51C22EEC4D493181FF4653 /* AdminDashboardView.swift */; };
		AB7482EEC31842B880189BE0 /* AdminRoutesView.swift in Sources */ = {isa = PBXBuildFile; fileRef = 3519DD38966D4BDCB5B6ECEB /* AdminRoutesView.swift */; };
		70AB7E645ACE43DB91FBF6A2 /* AdminTabView.swift in Sources */ = {isa = PBXBuildFile; fileRef = 4C72DC534A594C6DB53EF7BD /* AdminTabView.swift */; };
		79530C2D56E44D01B2BF191C /* ForgotPasswordView.swift in Sources */ = {isa = PBXBuildFile; fileRef = E68DAA1D03D347349849CFCF /* ForgotPasswordView.swift */; };
		E07A68F7AF46401B8A692ABA /* LandingView.swift in Sources */ = {isa = PBXBuildFile; fileRef = 961A0E162A41439F961EA930 /* LandingView.swift */; };
		BEB1C8EBCAAB483EBCA4F512 /* SignInView.swift in Sources */ = {isa = PBXBuildFile; fileRef = A29255E5881F4B41A93947E4 /* SignInView.swift */; };
		37360E7CD9AE4D528651A0B0 /* SignUpView.swift in Sources */ = {isa = PBXBuildFile; fileRef = 05F4DBC8B80D4ADC8AF9EC7F /* SignUpView.swift */; };
		25084DF054FE45A08C8940EC /* BookingConfirmationView.swift in Sources */ = {isa = PBXBuildFile; fileRef = 094C2B854F524E68B875609C /* BookingConfirmationView.swift */; };
		FE47FD24C6404FC2AC335191 /* PassengerDetailsView.swift in Sources */ = {isa = PBXBuildFile; fileRef = 5AEDFA94C8054611A1834E3A /* PassengerDetailsView.swift */; };
		5092E67D92364E149143E338 /* PaymentView.swift in Sources */ = {isa = PBXBuildFile; fileRef = 00AA1C83AEA445AC895A8015 /* PaymentView.swift */; };
		824ED5085D8A45F196F68623 /* RouteDetailView.swift in Sources */ = {isa = PBXBuildFile; fileRef = 3193ED67C7B04D3CBCDBA8A0 /* RouteDetailView.swift */; };
		35F9812A5F8C4C31B78D623A /* RouteMapView.swift in Sources */ = {isa = PBXBuildFile; fileRef = 09A98071D92A4FC79D3A7513 /* RouteMapView.swift */; };
		E74152D51FF7420AAFAFDDEF /* RouteSearchView.swift in Sources */ = {isa = PBXBuildFile; fileRef = 052697763A8B40E092F8F18B /* RouteSearchView.swift */; };
		80604C4F1724470C867B0371 /* SeatSelectionView.swift in Sources */ = {isa = PBXBuildFile; fileRef = A0602A79FF56440A973B8185 /* SeatSelectionView.swift */; };
		9E3C774E1821454C8703C0D0 /* ChatView.swift in Sources */ = {isa = PBXBuildFile; fileRef = CBDBD7395C974519AC6904C4 /* ChatView.swift */; };
		94700E3F6354405FB5FF25FE /* AnimatedButton.swift in Sources */ = {isa = PBXBuildFile; fileRef = ABC36B575C2F4E5883E249FD /* AnimatedButton.swift */; };
		8AD36E2E13BB48ED91711497 /* BusStopLocationCard.swift in Sources */ = {isa = PBXBuildFile; fileRef = C589879FE4CC47A2B39292C4 /* BusStopLocationCard.swift */; };
		D5BE455092124645BE768B36 /* CityCard.swift in Sources */ = {isa = PBXBuildFile; fileRef = E80339EEF672458FBF4923D7 /* CityCard.swift */; };
		F78EA105C8EF418F8D8FDA16 /* LottieAnimationView.swift in Sources */ = {isa = PBXBuildFile; fileRef = 1DEB523DA70C4A7FA632CEC1 /* LottieAnimationView.swift */; };
		199A67F11EAB4DBD85A07B09 /* QuickActionCard.swift in Sources */ = {isa = PBXBuildFile; fileRef = 0F4AD0AC7183481291357BAD /* QuickActionCard.swift */; };
		0797B9188BAA4C549D6163BA /* RecentBookingCard.swift in Sources */ = {isa = PBXBuildFile; fileRef = 26459A681A424F7EAC9579CD /* RecentBookingCard.swift */; };
		8FFF01A9996C4B8CAC630A32 /* RouteAnnotation.swift in Sources */ = {isa = PBXBuildFile; fileRef = 08610111FB5F41EFAC1E781E /* RouteAnnotation.swift */; };
		BB7171C5291647CB8794B343 /* SkeletonLoader.swift in Sources */ = {isa = PBXBuildFile; fileRef = 628C167265A14305949CF46C /* SkeletonLoader.swift */; };
		5610D7F1E4864BFBBCB1017D /* StatusBadge.swift in Sources */ = {isa = PBXBuildFile; fileRef = C96733814F5B40FFB3CEF147 /* StatusBadge.swift */; };
		F169590F962D4BB1970B6873 /* BookingsView.swift in Sources */ = {isa = PBXBuildFile; fileRef = 667F9489AAF0492091D95CC9 /* BookingsView.swift */; };
		42C4940DC37C4CC4A7559820 /* HomeView.swift in Sources */ = {isa = PBXBuildFile; fileRef = CBA61590216A4D23AE7EF457 /* HomeView.swift */; };
		67323B56A20F4D449881B877 /* MainTabView.swift in Sources */ = {isa = PBXBuildFile; fileRef = 0C3DC70D00C34D5E8990CA84 /* MainTabView.swift */; };
		79F3E70D216942ED94696834 /* MapView.swift in Sources */ = {isa = PBXBuildFile; fileRef = 37639F4DB2494FC6ADFF5800 /* MapView.swift */; };
		1B82CD36A22141C9A6DAC6D2 /* RealTimeTrackingView.swift in Sources */ = {isa = PBXBuildFile; fileRef = 36589AAF7A00412FBC19C7CE /* RealTimeTrackingView.swift */; };
		CB73D25E6582443384BE6BEE /* RwandanLocationsView.swift in Sources */ = {isa = PBXBuildFile; fileRef = 485906888D47447A8CE27E85 /* RwandanLocationsView.swift */; };
		3F610166985F4CBD85820E45 /* PaymentMethodsView.swift in Sources */ = {isa = PBXBuildFile; fileRef = 2AD205D75C97461CA2E03AA9 /* PaymentMethodsView.swift */; };
		6DCF6C02CB374D8AA11F15EC /* ProfileView.swift in Sources */ = {isa = PBXBuildFile; fileRef = 2DFAB88397CA49E9A75C2D02 /* ProfileView.swift */; };
		5AFF0989B106423CBC742E6F /* SettingsView.swift in Sources */ = {isa = PBXBuildFile; fileRef = 8D72781EE6A942169A37B7DD /* SettingsView.swift */; };
		6CDF668306914EE1AB8982C2 /* TicketDetailView.swift in Sources */ = {isa = PBXBuildFile; fileRef = 0B4E0EB5DB43453F9CA042EB /* TicketDetailView.swift */; };
		348D7DF4216348F0B110B2FB /* TicketsView.swift in Sources */ = {isa = PBXBuildFile; fileRef = CBE4BD2C11DE4D7E8ECA9DD3 /* TicketsView.swift */; };
/* End PBXBuildFile section */

/* Begin PBXFileReference section */
		E95C0FF8000F4B6D99E10C8A /* ContentView.swift */ = {isa = PBXFileReference; lastKnownFileType = sourcecode.swift; path = TransLinka/ContentView.swift; sourceTree = "<group>"; };
		0E2AA9EBFCFF4F9AAC5FF5E4 /* BusScheduleView.swift */ = {isa = PBXFileReference; lastKnownFileType = sourcecode.swift; path = TransLinka/Features/BusScheduleView.swift; sourceTree = "<group>"; };
		7BCC69389F764CCBB5481D08 /* FavoritesView.swift */ = {isa = PBXFileReference; lastKnownFileType = sourcecode.swift; path = TransLinka/Features/FavoritesView.swift; sourceTree = "<group>"; };
		D287094CFEA04EBA9293E3F2 /* LuggageSelectionView.swift */ = {isa = PBXFileReference; lastKnownFileType = sourcecode.swift; path = TransLinka/Features/LuggageSelectionView.swift; sourceTree = "<group>"; };
		A22EA2ABE62944308B4AB9F2 /* NotificationsManager.swift */ = {isa = PBXFileReference; lastKnownFileType = sourcecode.swift; path = TransLinka/Features/NotificationsManager.swift; sourceTree = "<group>"; };
		3A05872084AA460AB0616BA7 /* RouteComparisonView.swift */ = {isa = PBXFileReference; lastKnownFileType = sourcecode.swift; path = TransLinka/Features/RouteComparisonView.swift; sourceTree = "<group>"; };
		95C2B46E7DF84E8988676CBF /* Booking.swift */ = {isa = PBXFileReference; lastKnownFileType = sourcecode.swift; path = TransLinka/Models/Booking.swift; sourceTree = "<group>"; };
		DBBE8A862BD74B6BACA16980 /* Bus.swift */ = {isa = PBXFileReference; lastKnownFileType = sourcecode.swift; path = TransLinka/Models/Bus.swift; sourceTree = "<group>"; };
		EAAA0BBDAB9240069F1A0C21 /* LocationModels.swift */ = {isa = PBXFileReference; lastKnownFileType = sourcecode.swift; path = TransLinka/Models/LocationModels.swift; sourceTree = "<group>"; };
		1036900129A44F3E9960E9D0 /* PaymentMethod.swift */ = {isa = PBXFileReference; lastKnownFileType = sourcecode.swift; path = TransLinka/Models/PaymentMethod.swift; sourceTree = "<group>"; };
		82CCC44504A34B29BFF43AD7 /* Route.swift */ = {isa = PBXFileReference; lastKnownFileType = sourcecode.swift; path = TransLinka/Models/Route.swift; sourceTree = "<group>"; };
		4D1E45C360D44D3984164B18 /* User.swift */ = {isa = PBXFileReference; lastKnownFileType = sourcecode.swift; path = TransLinka/Models/User.swift; sourceTree = "<group>"; };
		DE0515B9700C46C9B404B852 /* AuthenticationService.swift */ = {isa = PBXFileReference; lastKnownFileType = sourcecode.swift; path = TransLinka/Services/AuthenticationService.swift; sourceTree = "<group>"; };
		97EBC80A8EF84DA58D470EE7 /* BlockchainManager.swift */ = {isa = PBXFileReference; lastKnownFileType = sourcecode.swift; path = TransLinka/Services/Blockchain/BlockchainManager.swift; sourceTree = "<group>"; };
		D3868A4D605E42F3A13EC0B2 /* EthereumService.swift */ = {isa = PBXFileReference; lastKnownFileType = sourcecode.swift; path = TransLinka/Services/Blockchain/EthereumService.swift; sourceTree = "<group>"; };
		41B8BEF460A8498D971F688B /* SolanaService.swift */ = {isa = PBXFileReference; lastKnownFileType = sourcecode.swift; path = TransLinka/Services/Blockchain/SolanaService.swift; sourceTree = "<group>"; };
		8B085816B4D94736BA23217C /* BlockchainService.swift */ = {isa = PBXFileReference; lastKnownFileType = sourcecode.swift; path = TransLinka/Services/BlockchainService.swift; sourceTree = "<group>"; };
		C87A6D8A86D74135BAF93CAD /* BookingService.swift */ = {isa = PBXFileReference; lastKnownFileType = sourcecode.swift; path = TransLinka/Services/BookingService.swift; sourceTree = "<group>"; };
		5759E3ED19A241A78D6EA865 /* ChatbotService.swift */ = {isa = PBXFileReference; lastKnownFileType = sourcecode.swift; path = TransLinka/Services/ChatbotService.swift; sourceTree = "<group>"; };
		E87305A72D8B4C0AB33F7F32 /* LocationService.swift */ = {isa = PBXFileReference; lastKnownFileType = sourcecode.swift; path = TransLinka/Services/Location/LocationService.swift; sourceTree = "<group>"; };
		51823E85B03E4C0A9B222CA8 /* GoogleMapsService.swift */ = {isa = PBXFileReference; lastKnownFileType = sourcecode.swift; path = TransLinka/Services/Maps/GoogleMapsService.swift; sourceTree = "<group>"; };
		733BAEFB57F748BF9091E754 /* NFCService.swift */ = {isa = PBXFileReference; lastKnownFileType = sourcecode.swift; path = TransLinka/Services/NFCService.swift; sourceTree = "<group>"; };
		2D8789599A8D40349916ADC4 /* QRCodeService.swift */ = {isa = PBXFileReference; lastKnownFileType = sourcecode.swift; path = TransLinka/Services/QRCodeService.swift; sourceTree = "<group>"; };
		61B5FF5F8CF44DD38B7A42BA /* TransLinkaApp.swift */ = {isa = PBXFileReference; lastKnownFileType = sourcecode.swift; path = TransLinka/TransLinkaApp.swift; sourceTree = "<group>"; };
		BF93B67F82A94AEAB24490C0 /* AdvancedAnimations.swift */ = {isa = PBXFileReference; lastKnownFileType = sourcecode.swift; path = TransLinka/Utilities/AdvancedAnimations.swift; sourceTree = "<group>"; };
		C80AEB19F61348D68933F7CD /* Animations.swift */ = {isa = PBXFileReference; lastKnownFileType = sourcecode.swift; path = TransLinka/Utilities/Animations.swift; sourceTree = "<group>"; };
		24723E85ED3D4966A121198B /* Constants.swift */ = {isa = PBXFileReference; lastKnownFileType = sourcecode.swift; path = TransLinka/Utilities/Constants.swift; sourceTree = "<group>"; };
		DF01BCD90EEC4DF5AFE06573 /* CustomTextFieldStyle.swift */ = {isa = PBXFileReference; lastKnownFileType = sourcecode.swift; path = TransLinka/Utilities/CustomTextFieldStyle.swift; sourceTree = "<group>"; };
		9C79C2AB4B4947BF8EA7B08F /* Extensions.swift */ = {isa = PBXFileReference; lastKnownFileType = sourcecode.swift; path = TransLinka/Utilities/Extensions.swift; sourceTree = "<group>"; };
		3D07607712624DC4BE5FE28F /* ReusableComponents.swift */ = {isa = PBXFileReference; lastKnownFileType = sourcecode.swift; path = TransLinka/Utilities/ReusableComponents.swift; sourceTree = "<group>"; };
		B7E6726C40A443DF86F5FE90 /* Theme.swift */ = {isa = PBXFileReference; lastKnownFileType = sourcecode.swift; path = TransLinka/Utilities/Theme.swift; sourceTree = "<group>"; };
		FEE243EE112F40B291207C6D /* ViewModifiers.swift */ = {isa = PBXFileReference; lastKnownFileType = sourcecode.swift; path = TransLinka/Utilities/ViewModifiers.swift; sourceTree = "<group>"; };
		8B9A11BE5FA24C128A7D325B /* AdminViewModel.swift */ = {isa = PBXFileReference; lastKnownFileType = sourcecode.swift; path = TransLinka/ViewModels/AdminViewModel.swift; sourceTree = "<group>"; };
		229A686ABC274FAB94930547 /* AuthenticationViewModel.swift */ = {isa = PBXFileReference; lastKnownFileType = sourcecode.swift; path = TransLinka/ViewModels/AuthenticationViewModel.swift; sourceTree = "<group>"; };
		275DA27268AC4D7F81DA95F5 /* BookingViewModel.swift */ = {isa = PBXFileReference; lastKnownFileType = sourcecode.swift; path = TransLinka/ViewModels/BookingViewModel.swift; sourceTree = "<group>"; };
		1ACBB1021F924B86A0D30C64 /* ARNavigationView.swift */ = {isa = PBXFileReference; lastKnownFileType = sourcecode.swift; path = TransLinka/Views/AR/ARNavigationView.swift; sourceTree = "<group>"; };
		F28119FBC38D4BD885E43312 /* AdminBookingsView.swift */ = {isa = PBXFileReference; lastKnownFileType = sourcecode.swift; path = TransLinka/Views/Admin/AdminBookingsView.swift; sourceTree = "<group>"; };
		F371D4FFD5854EBD8D927B76 /* AdminBusesView.swift */ = {isa = PBXFileReference; lastKnownFileType = sourcecode.swift; path = TransLinka/Views/Admin/AdminBusesView.swift; sourceTree = "<group>"; };
		6B51C22EEC4D493181FF4653 /* AdminDashboardView.swift */ = {isa = PBXFileReference; lastKnownFileType = sourcecode.swift; path = TransLinka/Views/Admin/AdminDashboardView.swift; sourceTree = "<group>"; };
		3519DD38966D4BDCB5B6ECEB /* AdminRoutesView.swift */ = {isa = PBXFileReference; lastKnownFileType = sourcecode.swift; path = TransLinka/Views/Admin/AdminRoutesView.swift; sourceTree = "<group>"; };
		4C72DC534A594C6DB53EF7BD /* AdminTabView.swift */ = {isa = PBXFileReference; lastKnownFileType = sourcecode.swift; path = TransLinka/Views/Admin/AdminTabView.swift; sourceTree = "<group>"; };
		E68DAA1D03D347349849CFCF /* ForgotPasswordView.swift */ = {isa = PBXFileReference; lastKnownFileType = sourcecode.swift; path = TransLinka/Views/Authentication/ForgotPasswordView.swift; sourceTree = "<group>"; };
		961A0E162A41439F961EA930 /* LandingView.swift */ = {isa = PBXFileReference; lastKnownFileType = sourcecode.swift; path = TransLinka/Views/Authentication/LandingView.swift; sourceTree = "<group>"; };
		A29255E5881F4B41A93947E4 /* SignInView.swift */ = {isa = PBXFileReference; lastKnownFileType = sourcecode.swift; path = TransLinka/Views/Authentication/SignInView.swift; sourceTree = "<group>"; };
		05F4DBC8B80D4ADC8AF9EC7F /* SignUpView.swift */ = {isa = PBXFileReference; lastKnownFileType = sourcecode.swift; path = TransLinka/Views/Authentication/SignUpView.swift; sourceTree = "<group>"; };
		094C2B854F524E68B875609C /* BookingConfirmationView.swift */ = {isa = PBXFileReference; lastKnownFileType = sourcecode.swift; path = TransLinka/Views/Booking/BookingConfirmationView.swift; sourceTree = "<group>"; };
		5AEDFA94C8054611A1834E3A /* PassengerDetailsView.swift */ = {isa = PBXFileReference; lastKnownFileType = sourcecode.swift; path = TransLinka/Views/Booking/PassengerDetailsView.swift; sourceTree = "<group>"; };
		00AA1C83AEA445AC895A8015 /* PaymentView.swift */ = {isa = PBXFileReference; lastKnownFileType = sourcecode.swift; path = TransLinka/Views/Booking/PaymentView.swift; sourceTree = "<group>"; };
		3193ED67C7B04D3CBCDBA8A0 /* RouteDetailView.swift */ = {isa = PBXFileReference; lastKnownFileType = sourcecode.swift; path = TransLinka/Views/Booking/RouteDetailView.swift; sourceTree = "<group>"; };
		09A98071D92A4FC79D3A7513 /* RouteMapView.swift */ = {isa = PBXFileReference; lastKnownFileType = sourcecode.swift; path = TransLinka/Views/Booking/RouteMapView.swift; sourceTree = "<group>"; };
		052697763A8B40E092F8F18B /* RouteSearchView.swift */ = {isa = PBXFileReference; lastKnownFileType = sourcecode.swift; path = TransLinka/Views/Booking/RouteSearchView.swift; sourceTree = "<group>"; };
		A0602A79FF56440A973B8185 /* SeatSelectionView.swift */ = {isa = PBXFileReference; lastKnownFileType = sourcecode.swift; path = TransLinka/Views/Booking/SeatSelectionView.swift; sourceTree = "<group>"; };
		CBDBD7395C974519AC6904C4 /* ChatView.swift */ = {isa = PBXFileReference; lastKnownFileType = sourcecode.swift; path = TransLinka/Views/Chat/ChatView.swift; sourceTree = "<group>"; };
		ABC36B575C2F4E5883E249FD /* AnimatedButton.swift */ = {isa = PBXFileReference; lastKnownFileType = sourcecode.swift; path = TransLinka/Views/Components/AnimatedButton.swift; sourceTree = "<group>"; };
		C589879FE4CC47A2B39292C4 /* BusStopLocationCard.swift */ = {isa = PBXFileReference; lastKnownFileType = sourcecode.swift; path = TransLinka/Views/Components/BusStopLocationCard.swift; sourceTree = "<group>"; };
		E80339EEF672458FBF4923D7 /* CityCard.swift */ = {isa = PBXFileReference; lastKnownFileType = sourcecode.swift; path = TransLinka/Views/Components/CityCard.swift; sourceTree = "<group>"; };
		1DEB523DA70C4A7FA632CEC1 /* LottieAnimationView.swift */ = {isa = PBXFileReference; lastKnownFileType = sourcecode.swift; path = TransLinka/Views/Components/LottieAnimationView.swift; sourceTree = "<group>"; };
		0F4AD0AC7183481291357BAD /* QuickActionCard.swift */ = {isa = PBXFileReference; lastKnownFileType = sourcecode.swift; path = TransLinka/Views/Components/QuickActionCard.swift; sourceTree = "<group>"; };
		26459A681A424F7EAC9579CD /* RecentBookingCard.swift */ = {isa = PBXFileReference; lastKnownFileType = sourcecode.swift; path = TransLinka/Views/Components/RecentBookingCard.swift; sourceTree = "<group>"; };
		08610111FB5F41EFAC1E781E /* RouteAnnotation.swift */ = {isa = PBXFileReference; lastKnownFileType = sourcecode.swift; path = TransLinka/Views/Components/RouteAnnotation.swift; sourceTree = "<group>"; };
		628C167265A14305949CF46C /* SkeletonLoader.swift */ = {isa = PBXFileReference; lastKnownFileType = sourcecode.swift; path = TransLinka/Views/Components/SkeletonLoader.swift; sourceTree = "<group>"; };
		C96733814F5B40FFB3CEF147 /* StatusBadge.swift */ = {isa = PBXFileReference; lastKnownFileType = sourcecode.swift; path = TransLinka/Views/Components/StatusBadge.swift; sourceTree = "<group>"; };
		667F9489AAF0492091D95CC9 /* BookingsView.swift */ = {isa = PBXFileReference; lastKnownFileType = sourcecode.swift; path = TransLinka/Views/Main/BookingsView.swift; sourceTree = "<group>"; };
		CBA61590216A4D23AE7EF457 /* HomeView.swift */ = {isa = PBXFileReference; lastKnownFileType = sourcecode.swift; path = TransLinka/Views/Main/HomeView.swift; sourceTree = "<group>"; };
		0C3DC70D00C34D5E8990CA84 /* MainTabView.swift */ = {isa = PBXFileReference; lastKnownFileType = sourcecode.swift; path = TransLinka/Views/Main/MainTabView.swift; sourceTree = "<group>"; };
		37639F4DB2494FC6ADFF5800 /* MapView.swift */ = {isa = PBXFileReference; lastKnownFileType = sourcecode.swift; path = TransLinka/Views/Maps/MapView.swift; sourceTree = "<group>"; };
		36589AAF7A00412FBC19C7CE /* RealTimeTrackingView.swift */ = {isa = PBXFileReference; lastKnownFileType = sourcecode.swift; path = TransLinka/Views/Maps/RealTimeTrackingView.swift; sourceTree = "<group>"; };
		485906888D47447A8CE27E85 /* RwandanLocationsView.swift */ = {isa = PBXFileReference; lastKnownFileType = sourcecode.swift; path = TransLinka/Views/Maps/RwandanLocationsView.swift; sourceTree = "<group>"; };
		2AD205D75C97461CA2E03AA9 /* PaymentMethodsView.swift */ = {isa = PBXFileReference; lastKnownFileType = sourcecode.swift; path = TransLinka/Views/Profile/PaymentMethodsView.swift; sourceTree = "<group>"; };
		2DFAB88397CA49E9A75C2D02 /* ProfileView.swift */ = {isa = PBXFileReference; lastKnownFileType = sourcecode.swift; path = TransLinka/Views/Profile/ProfileView.swift; sourceTree = "<group>"; };
		8D72781EE6A942169A37B7DD /* SettingsView.swift */ = {isa = PBXFileReference; lastKnownFileType = sourcecode.swift; path = TransLinka/Views/Profile/SettingsView.swift; sourceTree = "<group>"; };
		0B4E0EB5DB43453F9CA042EB /* TicketDetailView.swift */ = {isa = PBXFileReference; lastKnownFileType = sourcecode.swift; path = TransLinka/Views/Tickets/TicketDetailView.swift; sourceTree = "<group>"; };
		CBE4BD2C11DE4D7E8ECA9DD3 /* TicketsView.swift */ = {isa = PBXFileReference; lastKnownFileType = sourcecode.swift; path = TransLinka/Views/Tickets/TicketsView.swift; sourceTree = "<group>"; };
		7A5B620F811243258B27D106 /* TransLinka.app */ = {isa = PBXFileReference; explicitFileType = wrapper.application; includeInIndex = 0; path = TransLinka.app; sourceTree = BUILT_PRODUCTS_DIR; };
/* End PBXFileReference section */

/* Begin PBXFrameworksBuildPhase section */
		363E644EF0164083B898CEC2 /* Frameworks */ = {isa = PBXFrameworksBuildPhase; buildActionMask = 2147483647; files = (
			); runOnlyForDeploymentPostprocessing = 0; };
/* End PBXFrameworksBuildPhase section */

/* Begin PBXGroup section */
		4460276A3B804D9094CC47DD = {isa = PBXGroup; children = (
				E95C0FF8000F4B6D99E10C8A /* ContentView.swift */,
				0E2AA9EBFCFF4F9AAC5FF5E4 /* BusScheduleView.swift */,
				7BCC69389F764CCBB5481D08 /* FavoritesView.swift */,
				D287094CFEA04EBA9293E3F2 /* LuggageSelectionView.swift */,
				A22EA2ABE62944308B4AB9F2 /* NotificationsManager.swift */,
				3A05872084AA460AB0616BA7 /* RouteComparisonView.swift */,
				95C2B46E7DF84E8988676CBF /* Booking.swift */,
				DBBE8A862BD74B6BACA16980 /* Bus.swift */,
				EAAA0BBDAB9240069F1A0C21 /* LocationModels.swift */,
				1036900129A44F3E9960E9D0 /* PaymentMethod.swift */,
				82CCC44504A34B29BFF43AD7 /* Route.swift */,
				4D1E45C360D44D3984164B18 /* User.swift */,
				DE0515B9700C46C9B404B852 /* AuthenticationService.swift */,
				97EBC80A8EF84DA58D470EE7 /* BlockchainManager.swift */,
				D3868A4D605E42F3A13EC0B2 /* EthereumService.swift */,
				41B8BEF460A8498D971F688B /* SolanaService.swift */,
				8B085816B4D94736BA23217C /* BlockchainService.swift */,
				C87A6D8A86D74135BAF93CAD /* BookingService.swift */,
				5759E3ED19A241A78D6EA865 /* ChatbotService.swift */,
				E87305A72D8B4C0AB33F7F32 /* LocationService.swift */,
				51823E85B03E4C0A9B222CA8 /* GoogleMapsService.swift */,
				733BAEFB57F748BF9091E754 /* NFCService.swift */,
				2D8789599A8D40349916ADC4 /* QRCodeService.swift */,
				61B5FF5F8CF44DD38B7A42BA /* TransLinkaApp.swift */,
				BF93B67F82A94AEAB24490C0 /* AdvancedAnimations.swift */,
				C80AEB19F61348D68933F7CD /* Animations.swift */,
				24723E85ED3D4966A121198B /* Constants.swift */,
				DF01BCD90EEC4DF5AFE06573 /* CustomTextFieldStyle.swift */,
				9C79C2AB4B4947BF8EA7B08F /* Extensions.swift */,
				3D07607712624DC4BE5FE28F /* ReusableComponents.swift */,
				B7E6726C40A443DF86F5FE90 /* Theme.swift */,
				FEE243EE112F40B291207C6D /* ViewModifiers.swift */,
				8B9A11BE5FA24C128A7D325B /* AdminViewModel.swift */,
				229A686ABC274FAB94930547 /* AuthenticationViewModel.swift */,
				275DA27268AC4D7F81DA95F5 /* BookingViewModel.swift */,
				1ACBB1021F924B86A0D30C64 /* ARNavigationView.swift */,
				F28119FBC38D4BD885E43312 /* AdminBookingsView.swift */,
				F371D4FFD5854EBD8D927B76 /* AdminBusesView.swift */,
				6B51C22EEC4D493181FF4653 /* AdminDashboardView.swift */,
				3519DD38966D4BDCB5B6ECEB /* AdminRoutesView.swift */,
				4C72DC534A594C6DB53EF7BD /* AdminTabView.swift */,
				E68DAA1D03D347349849CFCF /* ForgotPasswordView.swift */,
				961A0E162A41439F961EA930 /* LandingView.swift */,
				A29255E5881F4B41A93947E4 /* SignInView.swift */,
				05F4DBC8B80D4ADC8AF9EC7F /* SignUpView.swift */,
				094C2B854F524E68B875609C /* BookingConfirmationView.swift */,
				5AEDFA94C8054611A1834E3A /* PassengerDetailsView.swift */,
				00AA1C83AEA445AC895A8015 /* PaymentView.swift */,
				3193ED67C7B04D3CBCDBA8A0 /* RouteDetailView.swift */,
				09A98071D92A4FC79D3A7513 /* RouteMapView.swift */,
				052697763A8B40E092F8F18B /* RouteSearchView.swift */,
				A0602A79FF56440A973B8185 /* SeatSelectionView.swift */,
				CBDBD7395C974519AC6904C4 /* ChatView.swift */,
				ABC36B575C2F4E5883E249FD /* AnimatedButton.swift */,
				C589879FE4CC47A2B39292C4 /* BusStopLocationCard.swift */,
				E80339EEF672458FBF4923D7 /* CityCard.swift */,
				1DEB523DA70C4A7FA632CEC1 /* LottieAnimationView.swift */,
				0F4AD0AC7183481291357BAD /* QuickActionCard.swift */,
				26459A681A424F7EAC9579CD /* RecentBookingCard.swift */,
				08610111FB5F41EFAC1E781E /* RouteAnnotation.swift */,
				628C167265A14305949CF46C /* SkeletonLoader.swift */,
				C96733814F5B40FFB3CEF147 /* StatusBadge.swift */,
				667F9489AAF0492091D95CC9 /* BookingsView.swift */,
				CBA61590216A4D23AE7EF457 /* HomeView.swift */,
				0C3DC70D00C34D5E8990CA84 /* MainTabView.swift */,
				37639F4DB2494FC6ADFF5800 /* MapView.swift */,
				36589AAF7A00412FBC19C7CE /* RealTimeTrackingView.swift */,
				485906888D47447A8CE27E85 /* RwandanLocationsView.swift */,
				2AD205D75C97461CA2E03AA9 /* PaymentMethodsView.swift */,
				2DFAB88397CA49E9A75C2D02 /* ProfileView.swift */,
				8D72781EE6A942169A37B7DD /* SettingsView.swift */,
				0B4E0EB5DB43453F9CA042EB /* TicketDetailView.swift */,
				CBE4BD2C11DE4D7E8ECA9DD3 /* TicketsView.swift */,
				AB7DA765357D45E79E556F0F /* Products */
			); name = TransLinka; path = .; sourceTree = "<group>"; };
		AB7DA765357D45E79E556F0F /* Products */ = {isa = PBXGroup; children = (
				7A5B620F811243258B27D106 /* TransLinka.app */
			); name = Products; sourceTree = "<group>"; };
/* End PBXGroup section */

/* Begin PBXNativeTarget section */
		26C6226F5FDB45D68BDE2A8A /* TransLinka */ = {isa = PBXNativeTarget; buildConfigurationList = C29B71EDEC9B4A9DB6F8AA8C /* Build configuration list for PBXNativeTarget "TransLinka" */; buildPhases = (
			CF5983CAECDE486E95824934 /* Sources */,
			363E644EF0164083B898CEC2 /* Frameworks */,
			2B2912F374B645B293C9D2E1 /* Resources */,
		); buildRules = (
		); dependencies = (
		); name = TransLinka; productName = TransLinka; productReference = 7A5B620F811243258B27D106 /* TransLinka.app */; productType = "com.apple.product-type.application"; };
/* End PBXNativeTarget section */

/* Begin PBXProject section */
		81B0307EF2D74E3FB43EED43 /* Project object */ = {isa = PBXProject; attributes = {LastSwiftUpdateCheck = 1500; LastUpgradeCheck = 1500; ORGANIZATIONNAME = TransLinka; }; buildConfigurationList = 3E3A436A016249C88914780C /* Build configuration list for PBXProject "TransLinka" */; compatibilityVersion = "Xcode 14.0"; developmentRegion = en; hasScannedForEncodings = 1; knownRegions = (en, Base,); mainGroup = 4460276A3B804D9094CC47DD; productRefGroup = AB7DA765357D45E79E556F0F /* Products */; projectDirPath = ""; projectRoot = ""; targets = (26C6226F5FDB45D68BDE2A8A /* TransLinka */); };
/* End PBXProject section */

/* Begin PBXResourcesBuildPhase section */
		2B2912F374B645B293C9D2E1 /* Resources */ = {isa = PBXResourcesBuildPhase; buildActionMask = 2147483647; files = (
			); runOnlyForDeploymentPostprocessing = 0; };
/* End PBXResourcesBuildPhase section */

/* Begin PBXSourcesBuildPhase section */
		CF5983CAECDE486E95824934 /* Sources */ = {isa = PBXSourcesBuildPhase; buildActionMask = 2147483647; files = (
				E8E0BD256674480AAA97817B /* ContentView.swift in Sources */
				485339DC9BE44571BCD4394B /* BusScheduleView.swift in Sources */
				2F6728146D594C5491B12CE3 /* FavoritesView.swift in Sources */
				5E4003FF3A6641E98F37D291 /* LuggageSelectionView.swift in Sources */
				B08D5FBB19854E31A73CEFDC /* NotificationsManager.swift in Sources */
				A766BD1222574E97A671DE38 /* RouteComparisonView.swift in Sources */
				F4B2512290B244A4ACAE52F7 /* Booking.swift in Sources */
				55C443480FD742CF8F2B43C0 /* Bus.swift in Sources */
				3A2B3CCAC5A645D4A87C36B2 /* LocationModels.swift in Sources */
				6ED02DCD74AC4FD69421EEFD /* PaymentMethod.swift in Sources */
				7ED3DB0697B8455CBE6AFDC4 /* Route.swift in Sources */
				AFA36E5697DB42C4874EC8ED /* User.swift in Sources */
				CD45EDD838384ECC8E5F9982 /* AuthenticationService.swift in Sources */
				0FFBBC6C10534D4899077AA9 /* BlockchainManager.swift in Sources */
				13D068B07BEE4786819012A1 /* EthereumService.swift in Sources */
				C0DF7EE05F7C4BEEB3530CF2 /* SolanaService.swift in Sources */
				CC59C2E4ABCC40FD83430D25 /* BlockchainService.swift in Sources */
				8771BDB7A2904E27A3F631DF /* BookingService.swift in Sources */
				9F35717ADE584EC798B31A37 /* ChatbotService.swift in Sources */
				1FA1BAEFB4DD4D759230CCAC /* LocationService.swift in Sources */
				87B9EA32BFE04F15BAB4C7A4 /* GoogleMapsService.swift in Sources */
				BBF211C937C74D5AB3630275 /* NFCService.swift in Sources */
				2D7598547100464391DC07A9 /* QRCodeService.swift in Sources */
				636559918E9346F6BE02F061 /* TransLinkaApp.swift in Sources */
				64C6A645F5234546A77D7CFD /* AdvancedAnimations.swift in Sources */
				E66ED141504F4D25831EC1B8 /* Animations.swift in Sources */
				C57C6635457F43BC824704F0 /* Constants.swift in Sources */
				60EAACDB6DE54BE394E7CB8D /* CustomTextFieldStyle.swift in Sources */
				EE4D4A9FAD3A4557A2E081F6 /* Extensions.swift in Sources */
				20833F5EEAAF4866B6E09B27 /* ReusableComponents.swift in Sources */
				E748C47F8A66423C832BEBFB /* Theme.swift in Sources */
				379F14284B1D44A6966455E1 /* ViewModifiers.swift in Sources */
				5AF6BD9547674AA88B03474C /* AdminViewModel.swift in Sources */
				D2D36FCDDF7F4D92A03E3A46 /* AuthenticationViewModel.swift in Sources */
				A8EFBC155C114FA39D05E2DD /* BookingViewModel.swift in Sources */
				801F5BF5D588417F9B8E84C8 /* ARNavigationView.swift in Sources */
				CDA6C820CD164EA69392A982 /* AdminBookingsView.swift in Sources */
				D7433F043255469A8E666A3C /* AdminBusesView.swift in Sources */
				E1BA7D066E174E6493A29266 /* AdminDashboardView.swift in Sources */
				AB7482EEC31842B880189BE0 /* AdminRoutesView.swift in Sources */
				70AB7E645ACE43DB91FBF6A2 /* AdminTabView.swift in Sources */
				79530C2D56E44D01B2BF191C /* ForgotPasswordView.swift in Sources */
				E07A68F7AF46401B8A692ABA /* LandingView.swift in Sources */
				BEB1C8EBCAAB483EBCA4F512 /* SignInView.swift in Sources */
				37360E7CD9AE4D528651A0B0 /* SignUpView.swift in Sources */
				25084DF054FE45A08C8940EC /* BookingConfirmationView.swift in Sources */
				FE47FD24C6404FC2AC335191 /* PassengerDetailsView.swift in Sources */
				5092E67D92364E149143E338 /* PaymentView.swift in Sources */
				824ED5085D8A45F196F68623 /* RouteDetailView.swift in Sources */
				35F9812A5F8C4C31B78D623A /* RouteMapView.swift in Sources */
				E74152D51FF7420AAFAFDDEF /* RouteSearchView.swift in Sources */
				80604C4F1724470C867B0371 /* SeatSelectionView.swift in Sources */
				9E3C774E1821454C8703C0D0 /* ChatView.swift in Sources */
				94700E3F6354405FB5FF25FE /* AnimatedButton.swift in Sources */
				8AD36E2E13BB48ED91711497 /* BusStopLocationCard.swift in Sources */
				D5BE455092124645BE768B36 /* CityCard.swift in Sources */
				F78EA105C8EF418F8D8FDA16 /* LottieAnimationView.swift in Sources */
				199A67F11EAB4DBD85A07B09 /* QuickActionCard.swift in Sources */
				0797B9188BAA4C549D6163BA /* RecentBookingCard.swift in Sources */
				8FFF01A9996C4B8CAC630A32 /* RouteAnnotation.swift in Sources */
				BB7171C5291647CB8794B343 /* SkeletonLoader.swift in Sources */
				5610D7F1E4864BFBBCB1017D /* StatusBadge.swift in Sources */
				F169590F962D4BB1970B6873 /* BookingsView.swift in Sources */
				42C4940DC37C4CC4A7559820 /* HomeView.swift in Sources */
				67323B56A20F4D449881B877 /* MainTabView.swift in Sources */
				79F3E70D216942ED94696834 /* MapView.swift in Sources */
				1B82CD36A22141C9A6DAC6D2 /* RealTimeTrackingView.swift in Sources */
				CB73D25E6582443384BE6BEE /* RwandanLocationsView.swift in Sources */
				3F610166985F4CBD85820E45 /* PaymentMethodsView.swift in Sources */
				6DCF6C02CB374D8AA11F15EC /* ProfileView.swift in Sources */
				5AFF0989B106423CBC742E6F /* SettingsView.swift in Sources */
				6CDF668306914EE1AB8982C2 /* TicketDetailView.swift in Sources */
				348D7DF4216348F0B110B2FB /* TicketsView.swift in Sources */
			); runOnlyForDeploymentPostprocessing = 0; };
/* End PBXSourcesBuildPhase section */

/* Begin XCBuildConfiguration section */
		6C19B0F8296A46D39DE3D3B6 /* Debug */ = {isa = XCBuildConfiguration; buildSettings = {}; name = Debug; };
		EA9805BDC0C1447C8778BB3F /* Release */ = {isa = XCBuildConfiguration; buildSettings = {}; name = Release; };
		924983226E464E4CA79A7AB4 /* Debug */ = {isa = XCBuildConfiguration; buildSettings = { ASSETCATALOG_COMPILER_APPICON_NAME = AppIcon; CODE_SIGN_STYLE = Automatic; CURRENT_PROJECT_VERSION = 1; DEVELOPMENT_TEAM = ""; ENABLE_PREVIEWS = YES; INFOPLIST_FILE = TransLinka/Info.plist; IPHONEOS_DEPLOYMENT_TARGET = 15.0; LD_RUNPATH_SEARCH_PATHS = ("$(inherited)", "@executable_path/Frameworks"); MARKETING_VERSION = 1.0; PRODUCT_BUNDLE_IDENTIFIER = com.translinka.app; PRODUCT_NAME = "$(TARGET_NAME)"; SWIFT_EMIT_LOC_STRINGS = YES; SWIFT_VERSION = 5.0; TARGETED_DEVICE_FAMILY = "1,2"; }; name = Debug; };
		ED93112927C347D3B10B2774 /* Release */ = {isa = XCBuildConfiguration; buildSettings = { ASSETCATALOG_COMPILER_APPICON_NAME = AppIcon; CODE_SIGN_STYLE = Automatic; CURRENT_PROJECT_VERSION = 1; DEVELOPMENT_TEAM = ""; ENABLE_PREVIEWS = YES; INFOPLIST_FILE = TransLinka/Info.plist; IPHONEOS_DEPLOYMENT_TARGET = 15.0; LD_RUNPATH_SEARCH_PATHS = ("$(inherited)", "@executable_path/Frameworks"); MARKETING_VERSION = 1.0; PRODUCT_BUNDLE_IDENTIFIER = com.translinka.app; PRODUCT_NAME = "$(TARGET_NAME)"; SWIFT_EMIT_LOC_STRINGS = YES; SWIFT_VERSION = 5.0; TARGETED_DEVICE_FAMILY = "1,2"; }; name = Release; };
/* End XCBuildConfiguration section */

/* Begin XCConfigurationList section */
		3E3A436A016249C88914780C /* Build configuration list for PBXProject "TransLinka" */ = {isa = XCConfigurationList; buildConfigurations = (
			6C19B0F8296A46D39DE3D3B6 /* Debug */,
			EA9805BDC0C1447C8778BB3F /* Release */,
		); defaultConfigurationIsVisible = 0; defaultConfigurationName = Release; };
		C29B71EDEC9B4A9DB6F8AA8C /* Build configuration list for PBXNativeTarget "TransLinka" */ = {isa = XCConfigurationList; buildConfigurations = (
			924983226E464E4CA79A7AB4 /* Debug */,
			ED93112927C347D3B10B2774 /* Release */,
		); defaultConfigurationIsVisible = 0; defaultConfigurationName = Release; };
/* End XCConfigurationList section */

};
	rootObject = 81B0307EF2D74E3FB43EED43 /* Project object */;
}
